
Microsoft Visual Studio Solution File, Format Version 12.00
# Visual Studio Version 16
VisualStudioVersion = 16.0.35325.158
MinimumVisualStudioVersion = 10.0.40219.1
Project("{FAE04EC0-301F-11D3-BF4B-00C04F79EFBC}") = "ContosoCrafts.Website", "ContosoCrafts.Website\ContosoCrafts.Website.csproj", "{6F201E0E-2DAB-4745-BB98-80D306ADFDBD}"
EndProject
Global
	GlobalSection(SolutionConfigurationPlatforms) = preSolution
		Debug|Any CPU = Debug|Any CPU
		Release|Any CPU = Release|Any CPU
	EndGlobalSection
	GlobalSection(ProjectConfigurationPlatforms) = postSolution
		{6F201E0E-2DAB-4745-BB98-80D306ADFDBD}.Debug|Any CPU.ActiveCfg = Debug|Any CPU
		{6F201E0E-2DAB-4745-BB98-80D306ADFDBD}.Debug|Any CPU.Build.0 = Debug|Any CPU
		{6F201E0E-2DAB-4745-BB98-80D306ADFDBD}.Release|Any CPU.ActiveCfg = Release|Any CPU
		{6F201E0E-2DAB-4745-BB98-80D306ADFDBD}.Release|Any CPU.Build.0 = Release|Any CPU
	EndGlobalSection
	GlobalSection(SolutionProperties) = preSolution
		HideSolutionNode = FALSE
	EndGlobalSection
	GlobalSection(ExtensibilityGlobals) = postSolution
		SolutionGuid = {C4DA82CB-62B5-4FE6-B2D4-07B8595E4453}
	EndGlobalSection
EndGlobal
